
Microsoft Visual Studio Solution File, Format Version 12.00
# Visual Studio 2012
Project("{FAE04EC0-301F-11D3-BF4B-00C04F79EFBC}") = "FileInfoCollector", "FileInfoCollector\FileInfoCollector.csproj", "{20DD9871-A74D-494D-9604-13B9E50EE3FA}"
EndProject
Project("{2150E333-8FDC-42A3-9474-1A3956D46DE8}") = "Solution Items", "Solution Items", "{EFFC21A7-A612-410A-BC89-EBD8435AF3AB}"
	ProjectSection(SolutionItems) = preProject
		readme.md = readme.md
	EndProjectSection
EndProject
Global
	GlobalSection(SolutionConfigurationPlatforms) = preSolution
		Debug|Any CPU = Debug|Any CPU
		Release|Any CPU = Release|Any CPU
	EndGlobalSection
	GlobalSection(ProjectConfigurationPlatforms) = postSolution
		{20DD9871-A74D-494D-9604-13B9E50EE3FA}.Debug|Any CPU.ActiveCfg = Debug|Any CPU
		{20DD9871-A74D-494D-9604-13B9E50EE3FA}.Debug|Any CPU.Build.0 = Debug|Any CPU
		{20DD9871-A74D-494D-9604-13B9E50EE3FA}.Release|Any CPU.ActiveCfg = Release|Any CPU
		{20DD9871-A74D-494D-9604-13B9E50EE3FA}.Release|Any CPU.Build.0 = Release|Any CPU
	EndGlobalSection
	GlobalSection(SolutionProperties) = preSolution
		HideSolutionNode = FALSE
	EndGlobalSection
EndGlobal
